
Microsoft Visual Studio Solution File, Format Version 12.00
# Visual Studio Version 16
VisualStudioVersion = 16.0.31112.23
MinimumVisualStudioVersion = 10.0.40219.1
Project("{9A19103F-16F7-4668-BE54-9A1E7A4F7556}") = "Laserfiche.SiteApiRepository.Client", "Src\Laserfiche.SiteApiRepository.Client\Laserfiche.SiteApiRepository.Client.csproj", "{7AB938BD-37F3-49BA-B49A-1CDD31FBC00E}"
EndProject
Global
	GlobalSection(SolutionConfigurationPlatforms) = preSolution
		Debug|Any CPU = Debug|Any CPU
		Release|Any CPU = Release|Any CPU
	EndGlobalSection
	GlobalSection(ProjectConfigurationPlatforms) = postSolution
		{7AB938BD-37F3-49BA-B49A-1CDD31FBC00E}.Debug|Any CPU.ActiveCfg = Debug|Any CPU
		{7AB938BD-37F3-49BA-B49A-1CDD31FBC00E}.Debug|Any CPU.Build.0 = Debug|Any CPU
		{7AB938BD-37F3-49BA-B49A-1CDD31FBC00E}.Release|Any CPU.ActiveCfg = Release|Any CPU
		{7AB938BD-37F3-49BA-B49A-1CDD31FBC00E}.Release|Any CPU.Build.0 = Release|Any CPU
	EndGlobalSection
	GlobalSection(SolutionProperties) = preSolution
		HideSolutionNode = FALSE
	EndGlobalSection
	GlobalSection(ExtensibilityGlobals) = postSolution
		SolutionGuid = {C280B58A-C3A0-460A-A959-B9C60735D249}
	EndGlobalSection
EndGlobal
